<Solution>
  <Configurations>
    <Platform Name="Any CPU" />
    <Platform Name="x86" />
  </Configurations>
  <Project Path="../Buisness/Buisness.csproj">
    <Platform Solution="*|x86" Project="x86" />
  </Project>
  <Project Path="../DataAccess/DataAccess.csproj">
    <Platform Solution="*|x86" Project="x86" />
  </Project>
  <Project Path="TravelTracking/TravelTracking.csproj">
    <Platform Solution="*|x86" Project="x86" />
  </Project>
</Solution>
